
Microsoft Visual Studio Solution File, Format Version 12.00
# Visual Studio 14
VisualStudioVersion = 14.0.25420.1
MinimumVisualStudioVersion = 10.0.40219.1
Project("{2150E333-8FDC-42A3-9474-1A3956D46DE8}") = "Client", "Client", "{FC0F2BAC-AD6A-4BEA-BBA0-B69E2FC9B2ED}"
EndProject
Project("{2150E333-8FDC-42A3-9474-1A3956D46DE8}") = "Businesslayer", "Businesslayer", "{4EAF1FEE-500D-43D5-BAFA-97D7E0CD4C86}"
EndProject
Project("{2150E333-8FDC-42A3-9474-1A3956D46DE8}") = "DataLayer", "DataLayer", "{98FF4F97-F687-48A4-910E-B8F0337817E9}"
EndProject
Project("{2150E333-8FDC-42A3-9474-1A3956D46DE8}") = "Core", "Core", "{2EB613DF-1BB4-43AE-8859-7E929A37D50D}"
EndProject
Project("{2150E333-8FDC-42A3-9474-1A3956D46DE8}") = "DataModels", "DataModels", "{04501CA2-7575-4A36-91C7-C4FC4E436926}"
EndProject
Project("{FAE04EC0-301F-11D3-BF4B-00C04F79EFBC}") = "TodoMobileProject.Core", "TodoMobileProject.Core\TodoMobileProject.Core.csproj", "{67F9D3A8-F71E-4428-913F-C37AE82CDB24}"
EndProject
Project("{FAE04EC0-301F-11D3-BF4B-00C04F79EFBC}") = "ToDoListProject.Repositories", "ToDoListProject.Repositories\ToDoListProject.Repositories.csproj", "{CD568627-9774-446E-A66A-D3DAD215FBCE}"
EndProject
Project("{FAE04EC0-301F-11D3-BF4B-00C04F79EFBC}") = "ToDoListProject.RepositoryContracts", "ToDoListProject.RepositoryContracts\ToDoListProject.RepositoryContracts.csproj", "{A1249A0E-39D3-4685-BC4C-583D4711AD7C}"
EndProject
Project("{FAE04EC0-301F-11D3-BF4B-00C04F79EFBC}") = "ToDoMobileProject.DataModels", "ToDoMobileProject.DataModels\ToDoMobileProject.DataModels.csproj", "{39AB6C13-8463-4261-8C39-5618D82D2C1E}"
EndProject
Project("{FAE04EC0-301F-11D3-BF4B-00C04F79EFBC}") = "TodoList.ServiceContracts", "TodoList.ServiceContracts\TodoList.ServiceContracts.csproj", "{92DCABE9-62BC-46FB-AB89-D50AA4A7E191}"
	ProjectSection(ProjectDependencies) = postProject
		{67F9D3A8-F71E-4428-913F-C37AE82CDB24} = {67F9D3A8-F71E-4428-913F-C37AE82CDB24}
	EndProjectSection
EndProject
Project("{FAE04EC0-301F-11D3-BF4B-00C04F79EFBC}") = "ToDoList.Services", "ToDoList.Services\ToDoList.Services.csproj", "{1653CD8F-3B8D-4495-A969-F32EC72F86CD}"
EndProject
Project("{FAE04EC0-301F-11D3-BF4B-00C04F79EFBC}") = "PrismUnityToDolistMobile", "PrismUnityToDolistMobile\PrismUnityToDolistMobile\PrismUnityToDolistMobile.csproj", "{35F498A8-55A4-4D80-A380-FC15BAF2DA72}"
	ProjectSection(ProjectDependencies) = postProject
		{A1249A0E-39D3-4685-BC4C-583D4711AD7C} = {A1249A0E-39D3-4685-BC4C-583D4711AD7C}
		{39AB6C13-8463-4261-8C39-5618D82D2C1E} = {39AB6C13-8463-4261-8C39-5618D82D2C1E}
		{CD568627-9774-446E-A66A-D3DAD215FBCE} = {CD568627-9774-446E-A66A-D3DAD215FBCE}
		{1653CD8F-3B8D-4495-A969-F32EC72F86CD} = {1653CD8F-3B8D-4495-A969-F32EC72F86CD}
		{67F9D3A8-F71E-4428-913F-C37AE82CDB24} = {67F9D3A8-F71E-4428-913F-C37AE82CDB24}
		{92DCABE9-62BC-46FB-AB89-D50AA4A7E191} = {92DCABE9-62BC-46FB-AB89-D50AA4A7E191}
	EndProjectSection
EndProject
Project("{FAE04EC0-301F-11D3-BF4B-00C04F79EFBC}") = "PrismUnityToDolistMobile.Droid", "PrismUnityToDolistMobile\PrismUnityToDolistMobile.Droid\PrismUnityToDolistMobile.Droid.csproj", "{485FBE14-D1DE-44EB-9D75-5525C7DCD963}"
EndProject
Project("{FAE04EC0-301F-11D3-BF4B-00C04F79EFBC}") = "PrismUnityToDolistMobile.iOS", "PrismUnityToDolistMobile\PrismUnityToDolistMobile.iOS\PrismUnityToDolistMobile.iOS.csproj", "{0A138349-8720-4349-9AC7-06CF3F44C1AB}"
EndProject
Global
	GlobalSection(SolutionConfigurationPlatforms) = preSolution
		Ad-Hoc|Any CPU = Ad-Hoc|Any CPU
		Ad-Hoc|ARM = Ad-Hoc|ARM
		Ad-Hoc|iPhone = Ad-Hoc|iPhone
		Ad-Hoc|iPhoneSimulator = Ad-Hoc|iPhoneSimulator
		Ad-Hoc|x64 = Ad-Hoc|x64
		Ad-Hoc|x86 = Ad-Hoc|x86
		AppStore|Any CPU = AppStore|Any CPU
		AppStore|ARM = AppStore|ARM
		AppStore|iPhone = AppStore|iPhone
		AppStore|iPhoneSimulator = AppStore|iPhoneSimulator
		AppStore|x64 = AppStore|x64
		AppStore|x86 = AppStore|x86
		Debug|Any CPU = Debug|Any CPU
		Debug|ARM = Debug|ARM
		Debug|iPhone = Debug|iPhone
		Debug|iPhoneSimulator = Debug|iPhoneSimulator
		Debug|x64 = Debug|x64
		Debug|x86 = Debug|x86
		Release|Any CPU = Release|Any CPU
		Release|ARM = Release|ARM
		Release|iPhone = Release|iPhone
		Release|iPhoneSimulator = Release|iPhoneSimulator
		Release|x64 = Release|x64
		Release|x86 = Release|x86
	EndGlobalSection
	GlobalSection(ProjectConfigurationPlatforms) = postSolution
		{67F9D3A8-F71E-4428-913F-C37AE82CDB24}.Ad-Hoc|Any CPU.ActiveCfg = Release|Any CPU
		{67F9D3A8-F71E-4428-913F-C37AE82CDB24}.Ad-Hoc|Any CPU.Build.0 = Release|Any CPU
		{67F9D3A8-F71E-4428-913F-C37AE82CDB24}.Ad-Hoc|ARM.ActiveCfg = Release|Any CPU
		{67F9D3A8-F71E-4428-913F-C37AE82CDB24}.Ad-Hoc|ARM.Build.0 = Release|Any CPU
		{67F9D3A8-F71E-4428-913F-C37AE82CDB24}.Ad-Hoc|iPhone.ActiveCfg = Release|Any CPU
		{67F9D3A8-F71E-4428-913F-C37AE82CDB24}.Ad-Hoc|iPhone.Build.0 = Release|Any CPU
		{67F9D3A8-F71E-4428-913F-C37AE82CDB24}.Ad-Hoc|iPhoneSimulator.ActiveCfg = Release|Any CPU
		{67F9D3A8-F71E-4428-913F-C37AE82CDB24}.Ad-Hoc|iPhoneSimulator.Build.0 = Release|Any CPU
		{67F9D3A8-F71E-4428-913F-C37AE82CDB24}.Ad-Hoc|x64.ActiveCfg = Release|Any CPU
		{67F9D3A8-F71E-4428-913F-C37AE82CDB24}.Ad-Hoc|x64.Build.0 = Release|Any CPU
		{67F9D3A8-F71E-4428-913F-C37AE82CDB24}.Ad-Hoc|x86.ActiveCfg = Release|Any CPU
		{67F9D3A8-F71E-4428-913F-C37AE82CDB24}.Ad-Hoc|x86.Build.0 = Release|Any CPU
		{67F9D3A8-F71E-4428-913F-C37AE82CDB24}.AppStore|Any CPU.ActiveCfg = Release|Any CPU
		{67F9D3A8-F71E-4428-913F-C37AE82CDB24}.AppStore|Any CPU.Build.0 = Release|Any CPU
		{67F9D3A8-F71E-4428-913F-C37AE82CDB24}.AppStore|ARM.ActiveCfg = Release|Any CPU
		{67F9D3A8-F71E-4428-913F-C37AE82CDB24}.AppStore|ARM.Build.0 = Release|Any CPU
		{67F9D3A8-F71E-4428-913F-C37AE82CDB24}.AppStore|iPhone.ActiveCfg = Release|Any CPU
		{67F9D3A8-F71E-4428-913F-C37AE82CDB24}.AppStore|iPhone.Build.0 = Release|Any CPU
		{67F9D3A8-F71E-4428-913F-C37AE82CDB24}.AppStore|iPhoneSimulator.ActiveCfg = Release|Any CPU
		{67F9D3A8-F71E-4428-913F-C37AE82CDB24}.AppStore|iPhoneSimulator.Build.0 = Release|Any CPU
		{67F9D3A8-F71E-4428-913F-C37AE82CDB24}.AppStore|x64.ActiveCfg = Release|Any CPU
		{67F9D3A8-F71E-4428-913F-C37AE82CDB24}.AppStore|x64.Build.0 = Release|Any CPU
		{67F9D3A8-F71E-4428-913F-C37AE82CDB24}.AppStore|x86.ActiveCfg = Release|Any CPU
		{67F9D3A8-F71E-4428-913F-C37AE82CDB24}.AppStore|x86.Build.0 = Release|Any CPU
		{67F9D3A8-F71E-4428-913F-C37AE82CDB24}.Debug|Any CPU.ActiveCfg = Debug|Any CPU
		{67F9D3A8-F71E-4428-913F-C37AE82CDB24}.Debug|Any CPU.Build.0 = Debug|Any CPU
		{67F9D3A8-F71E-4428-913F-C37AE82CDB24}.Debug|ARM.ActiveCfg = Debug|Any CPU
		{67F9D3A8-F71E-4428-913F-C37AE82CDB24}.Debug|ARM.Build.0 = Debug|Any CPU
		{67F9D3A8-F71E-4428-913F-C37AE82CDB24}.Debug|iPhone.ActiveCfg = Debug|Any CPU
		{67F9D3A8-F71E-4428-913F-C37AE82CDB24}.Debug|iPhone.Build.0 = Debug|Any CPU
		{67F9D3A8-F71E-4428-913F-C37AE82CDB24}.Debug|iPhoneSimulator.ActiveCfg = Debug|Any CPU
		{67F9D3A8-F71E-4428-913F-C37AE82CDB24}.Debug|iPhoneSimulator.Build.0 = Debug|Any CPU
		{67F9D3A8-F71E-4428-913F-C37AE82CDB24}.Debug|x64.ActiveCfg = Debug|Any CPU
		{67F9D3A8-F71E-4428-913F-C37AE82CDB24}.Debug|x64.Build.0 = Debug|Any CPU
		{67F9D3A8-F71E-4428-913F-C37AE82CDB24}.Debug|x86.ActiveCfg = Debug|Any CPU
		{67F9D3A8-F71E-4428-913F-C37AE82CDB24}.Debug|x86.Build.0 = Debug|Any CPU
		{67F9D3A8-F71E-4428-913F-C37AE82CDB24}.Release|Any CPU.ActiveCfg = Release|Any CPU
		{67F9D3A8-F71E-4428-913F-C37AE82CDB24}.Release|Any CPU.Build.0 = Release|Any CPU
		{67F9D3A8-F71E-4428-913F-C37AE82CDB24}.Release|ARM.ActiveCfg = Release|Any CPU
		{67F9D3A8-F71E-4428-913F-C37AE82CDB24}.Release|ARM.Build.0 = Release|Any CPU
		{67F9D3A8-F71E-4428-913F-C37AE82CDB24}.Release|iPhone.ActiveCfg = Release|Any CPU
		{67F9D3A8-F71E-4428-913F-C37AE82CDB24}.Release|iPhone.Build.0 = Release|Any CPU
		{67F9D3A8-F71E-4428-913F-C37AE82CDB24}.Release|iPhoneSimulator.ActiveCfg = Release|Any CPU
		{67F9D3A8-F71E-4428-913F-C37AE82CDB24}.Release|iPhoneSimulator.Build.0 = Release|Any CPU
		{67F9D3A8-F71E-4428-913F-C37AE82CDB24}.Release|x64.ActiveCfg = Release|Any CPU
		{67F9D3A8-F71E-4428-913F-C37AE82CDB24}.Release|x64.Build.0 = Release|Any CPU
		{67F9D3A8-F71E-4428-913F-C37AE82CDB24}.Release|x86.ActiveCfg = Release|Any CPU
		{67F9D3A8-F71E-4428-913F-C37AE82CDB24}.Release|x86.Build.0 = Release|Any CPU
		{CD568627-9774-446E-A66A-D3DAD215FBCE}.Ad-Hoc|Any CPU.ActiveCfg = Release|Any CPU
		{CD568627-9774-446E-A66A-D3DAD215FBCE}.Ad-Hoc|Any CPU.Build.0 = Release|Any CPU
		{CD568627-9774-446E-A66A-D3DAD215FBCE}.Ad-Hoc|ARM.ActiveCfg = Release|Any CPU
		{CD568627-9774-446E-A66A-D3DAD215FBCE}.Ad-Hoc|ARM.Build.0 = Release|Any CPU
		{CD568627-9774-446E-A66A-D3DAD215FBCE}.Ad-Hoc|iPhone.ActiveCfg = Release|Any CPU
		{CD568627-9774-446E-A66A-D3DAD215FBCE}.Ad-Hoc|iPhone.Build.0 = Release|Any CPU
		{CD568627-9774-446E-A66A-D3DAD215FBCE}.Ad-Hoc|iPhoneSimulator.ActiveCfg = Release|Any CPU
		{CD568627-9774-446E-A66A-D3DAD215FBCE}.Ad-Hoc|iPhoneSimulator.Build.0 = Release|Any CPU
		{CD568627-9774-446E-A66A-D3DAD215FBCE}.Ad-Hoc|x64.ActiveCfg = Release|Any CPU
		{CD568627-9774-446E-A66A-D3DAD215FBCE}.Ad-Hoc|x64.Build.0 = Release|Any CPU
		{CD568627-9774-446E-A66A-D3DAD215FBCE}.Ad-Hoc|x86.ActiveCfg = Release|Any CPU
		{CD568627-9774-446E-A66A-D3DAD215FBCE}.Ad-Hoc|x86.Build.0 = Release|Any CPU
		{CD568627-9774-446E-A66A-D3DAD215FBCE}.AppStore|Any CPU.ActiveCfg = Release|Any CPU
		{CD568627-9774-446E-A66A-D3DAD215FBCE}.AppStore|Any CPU.Build.0 = Release|Any CPU
		{CD568627-9774-446E-A66A-D3DAD215FBCE}.AppStore|ARM.ActiveCfg = Release|Any CPU
		{CD568627-9774-446E-A66A-D3DAD215FBCE}.AppStore|ARM.Build.0 = Release|Any CPU
		{CD568627-9774-446E-A66A-D3DAD215FBCE}.AppStore|iPhone.ActiveCfg = Release|Any CPU
		{CD568627-9774-446E-A66A-D3DAD215FBCE}.AppStore|iPhone.Build.0 = Release|Any CPU
		{CD568627-9774-446E-A66A-D3DAD215FBCE}.AppStore|iPhoneSimulator.ActiveCfg = Release|Any CPU
		{CD568627-9774-446E-A66A-D3DAD215FBCE}.AppStore|iPhoneSimulator.Build.0 = Release|Any CPU
		{CD568627-9774-446E-A66A-D3DAD215FBCE}.AppStore|x64.ActiveCfg = Release|Any CPU
		{CD568627-9774-446E-A66A-D3DAD215FBCE}.AppStore|x64.Build.0 = Release|Any CPU
		{CD568627-9774-446E-A66A-D3DAD215FBCE}.AppStore|x86.ActiveCfg = Release|Any CPU
		{CD568627-9774-446E-A66A-D3DAD215FBCE}.AppStore|x86.Build.0 = Release|Any CPU
		{CD568627-9774-446E-A66A-D3DAD215FBCE}.Debug|Any CPU.ActiveCfg = Debug|Any CPU
		{CD568627-9774-446E-A66A-D3DAD215FBCE}.Debug|Any CPU.Build.0 = Debug|Any CPU
		{CD568627-9774-446E-A66A-D3DAD215FBCE}.Debug|ARM.ActiveCfg = Debug|Any CPU
		{CD568627-9774-446E-A66A-D3DAD215FBCE}.Debug|ARM.Build.0 = Debug|Any CPU
		{CD568627-9774-446E-A66A-D3DAD215FBCE}.Debug|iPhone.ActiveCfg = Debug|Any CPU
		{CD568627-9774-446E-A66A-D3DAD215FBCE}.Debug|iPhone.Build.0 = Debug|Any CPU
		{CD568627-9774-446E-A66A-D3DAD215FBCE}.Debug|iPhoneSimulator.ActiveCfg = Debug|Any CPU
		{CD568627-9774-446E-A66A-D3DAD215FBCE}.Debug|iPhoneSimulator.Build.0 = Debug|Any CPU
		{CD568627-9774-446E-A66A-D3DAD215FBCE}.Debug|x64.ActiveCfg = Debug|Any CPU
		{CD568627-9774-446E-A66A-D3DAD215FBCE}.Debug|x64.Build.0 = Debug|Any CPU
		{CD568627-9774-446E-A66A-D3DAD215FBCE}.Debug|x86.ActiveCfg = Debug|Any CPU
		{CD568627-9774-446E-A66A-D3DAD215FBCE}.Debug|x86.Build.0 = Debug|Any CPU
		{CD568627-9774-446E-A66A-D3DAD215FBCE}.Release|Any CPU.ActiveCfg = Release|Any CPU
		{CD568627-9774-446E-A66A-D3DAD215FBCE}.Release|Any CPU.Build.0 = Release|Any CPU
		{CD568627-9774-446E-A66A-D3DAD215FBCE}.Release|ARM.ActiveCfg = Release|Any CPU
		{CD568627-9774-446E-A66A-D3DAD215FBCE}.Release|ARM.Build.0 = Release|Any CPU
		{CD568627-9774-446E-A66A-D3DAD215FBCE}.Release|iPhone.ActiveCfg = Release|Any CPU
		{CD568627-9774-446E-A66A-D3DAD215FBCE}.Release|iPhone.Build.0 = Release|Any CPU
		{CD568627-9774-446E-A66A-D3DAD215FBCE}.Release|iPhoneSimulator.ActiveCfg = Release|Any CPU
		{CD568627-9774-446E-A66A-D3DAD215FBCE}.Release|iPhoneSimulator.Build.0 = Release|Any CPU
		{CD568627-9774-446E-A66A-D3DAD215FBCE}.Release|x64.ActiveCfg = Release|Any CPU
		{CD568627-9774-446E-A66A-D3DAD215FBCE}.Release|x64.Build.0 = Release|Any CPU
		{CD568627-9774-446E-A66A-D3DAD215FBCE}.Release|x86.ActiveCfg = Release|Any CPU
		{CD568627-9774-446E-A66A-D3DAD215FBCE}.Release|x86.Build.0 = Release|Any CPU
		{A1249A0E-39D3-4685-BC4C-583D4711AD7C}.Ad-Hoc|Any CPU.ActiveCfg = Release|Any CPU
		{A1249A0E-39D3-4685-BC4C-583D4711AD7C}.Ad-Hoc|Any CPU.Build.0 = Release|Any CPU
		{A1249A0E-39D3-4685-BC4C-583D4711AD7C}.Ad-Hoc|ARM.ActiveCfg = Release|Any CPU
		{A1249A0E-39D3-4685-BC4C-583D4711AD7C}.Ad-Hoc|ARM.Build.0 = Release|Any CPU
		{A1249A0E-39D3-4685-BC4C-583D4711AD7C}.Ad-Hoc|iPhone.ActiveCfg = Release|Any CPU
		{A1249A0E-39D3-4685-BC4C-583D4711AD7C}.Ad-Hoc|iPhone.Build.0 = Release|Any CPU
		{A1249A0E-39D3-4685-BC4C-583D4711AD7C}.Ad-Hoc|iPhoneSimulator.ActiveCfg = Release|Any CPU
		{A1249A0E-39D3-4685-BC4C-583D4711AD7C}.Ad-Hoc|iPhoneSimulator.Build.0 = Release|Any CPU
		{A1249A0E-39D3-4685-BC4C-583D4711AD7C}.Ad-Hoc|x64.ActiveCfg = Release|Any CPU
		{A1249A0E-39D3-4685-BC4C-583D4711AD7C}.Ad-Hoc|x64.Build.0 = Release|Any CPU
		{A1249A0E-39D3-4685-BC4C-583D4711AD7C}.Ad-Hoc|x86.ActiveCfg = Release|Any CPU
		{A1249A0E-39D3-4685-BC4C-583D4711AD7C}.Ad-Hoc|x86.Build.0 = Release|Any CPU
		{A1249A0E-39D3-4685-BC4C-583D4711AD7C}.AppStore|Any CPU.ActiveCfg = Release|Any CPU
		{A1249A0E-39D3-4685-BC4C-583D4711AD7C}.AppStore|Any CPU.Build.0 = Release|Any CPU
		{A1249A0E-39D3-4685-BC4C-583D4711AD7C}.AppStore|ARM.ActiveCfg = Release|Any CPU
		{A1249A0E-39D3-4685-BC4C-583D4711AD7C}.AppStore|ARM.Build.0 = Release|Any CPU
		{A1249A0E-39D3-4685-BC4C-583D4711AD7C}.AppStore|iPhone.ActiveCfg = Release|Any CPU
		{A1249A0E-39D3-4685-BC4C-583D4711AD7C}.AppStore|iPhone.Build.0 = Release|Any CPU
		{A1249A0E-39D3-4685-BC4C-583D4711AD7C}.AppStore|iPhoneSimulator.ActiveCfg = Release|Any CPU
		{A1249A0E-39D3-4685-BC4C-583D4711AD7C}.AppStore|iPhoneSimulator.Build.0 = Release|Any CPU
		{A1249A0E-39D3-4685-BC4C-583D4711AD7C}.AppStore|x64.ActiveCfg = Release|Any CPU
		{A1249A0E-39D3-4685-BC4C-583D4711AD7C}.AppStore|x64.Build.0 = Release|Any CPU
		{A1249A0E-39D3-4685-BC4C-583D4711AD7C}.AppStore|x86.ActiveCfg = Release|Any CPU
		{A1249A0E-39D3-4685-BC4C-583D4711AD7C}.AppStore|x86.Build.0 = Release|Any CPU
		{A1249A0E-39D3-4685-BC4C-583D4711AD7C}.Debug|Any CPU.ActiveCfg = Debug|Any CPU
		{A1249A0E-39D3-4685-BC4C-583D4711AD7C}.Debug|Any CPU.Build.0 = Debug|Any CPU
		{A1249A0E-39D3-4685-BC4C-583D4711AD7C}.Debug|ARM.ActiveCfg = Debug|Any CPU
		{A1249A0E-39D3-4685-BC4C-583D4711AD7C}.Debug|ARM.Build.0 = Debug|Any CPU
		{A1249A0E-39D3-4685-BC4C-583D4711AD7C}.Debug|iPhone.ActiveCfg = Debug|Any CPU
		{A1249A0E-39D3-4685-BC4C-583D4711AD7C}.Debug|iPhone.Build.0 = Debug|Any CPU
		{A1249A0E-39D3-4685-BC4C-583D4711AD7C}.Debug|iPhoneSimulator.ActiveCfg = Debug|Any CPU
		{A1249A0E-39D3-4685-BC4C-583D4711AD7C}.Debug|iPhoneSimulator.Build.0 = Debug|Any CPU
		{A1249A0E-39D3-4685-BC4C-583D4711AD7C}.Debug|x64.ActiveCfg = Debug|Any CPU
		{A1249A0E-39D3-4685-BC4C-583D4711AD7C}.Debug|x64.Build.0 = Debug|Any CPU
		{A1249A0E-39D3-4685-BC4C-583D4711AD7C}.Debug|x86.ActiveCfg = Debug|Any CPU
		{A1249A0E-39D3-4685-BC4C-583D4711AD7C}.Debug|x86.Build.0 = Debug|Any CPU
		{A1249A0E-39D3-4685-BC4C-583D4711AD7C}.Release|Any CPU.ActiveCfg = Release|Any CPU
		{A1249A0E-39D3-4685-BC4C-583D4711AD7C}.Release|Any CPU.Build.0 = Release|Any CPU
		{A1249A0E-39D3-4685-BC4C-583D4711AD7C}.Release|ARM.ActiveCfg = Release|Any CPU
		{A1249A0E-39D3-4685-BC4C-583D4711AD7C}.Release|ARM.Build.0 = Release|Any CPU
		{A1249A0E-39D3-4685-BC4C-583D4711AD7C}.Release|iPhone.ActiveCfg = Release|Any CPU
		{A1249A0E-39D3-4685-BC4C-583D4711AD7C}.Release|iPhone.Build.0 = Release|Any CPU
		{A1249A0E-39D3-4685-BC4C-583D4711AD7C}.Release|iPhoneSimulator.ActiveCfg = Release|Any CPU
		{A1249A0E-39D3-4685-BC4C-583D4711AD7C}.Release|iPhoneSimulator.Build.0 = Release|Any CPU
		{A1249A0E-39D3-4685-BC4C-583D4711AD7C}.Release|x64.ActiveCfg = Release|Any CPU
		{A1249A0E-39D3-4685-BC4C-583D4711AD7C}.Release|x64.Build.0 = Release|Any CPU
		{A1249A0E-39D3-4685-BC4C-583D4711AD7C}.Release|x86.ActiveCfg = Release|Any CPU
		{A1249A0E-39D3-4685-BC4C-583D4711AD7C}.Release|x86.Build.0 = Release|Any CPU
		{39AB6C13-8463-4261-8C39-5618D82D2C1E}.Ad-Hoc|Any CPU.ActiveCfg = Release|Any CPU
		{39AB6C13-8463-4261-8C39-5618D82D2C1E}.Ad-Hoc|Any CPU.Build.0 = Release|Any CPU
		{39AB6C13-8463-4261-8C39-5618D82D2C1E}.Ad-Hoc|ARM.ActiveCfg = Release|Any CPU
		{39AB6C13-8463-4261-8C39-5618D82D2C1E}.Ad-Hoc|ARM.Build.0 = Release|Any CPU
		{39AB6C13-8463-4261-8C39-5618D82D2C1E}.Ad-Hoc|iPhone.ActiveCfg = Release|Any CPU
		{39AB6C13-8463-4261-8C39-5618D82D2C1E}.Ad-Hoc|iPhone.Build.0 = Release|Any CPU
		{39AB6C13-8463-4261-8C39-5618D82D2C1E}.Ad-Hoc|iPhoneSimulator.ActiveCfg = Release|Any CPU
		{39AB6C13-8463-4261-8C39-5618D82D2C1E}.Ad-Hoc|iPhoneSimulator.Build.0 = Release|Any CPU
		{39AB6C13-8463-4261-8C39-5618D82D2C1E}.Ad-Hoc|x64.ActiveCfg = Release|Any CPU
		{39AB6C13-8463-4261-8C39-5618D82D2C1E}.Ad-Hoc|x64.Build.0 = Release|Any CPU
		{39AB6C13-8463-4261-8C39-5618D82D2C1E}.Ad-Hoc|x86.ActiveCfg = Release|Any CPU
		{39AB6C13-8463-4261-8C39-5618D82D2C1E}.Ad-Hoc|x86.Build.0 = Release|Any CPU
		{39AB6C13-8463-4261-8C39-5618D82D2C1E}.AppStore|Any CPU.ActiveCfg = Release|Any CPU
		{39AB6C13-8463-4261-8C39-5618D82D2C1E}.AppStore|Any CPU.Build.0 = Release|Any CPU
		{39AB6C13-8463-4261-8C39-5618D82D2C1E}.AppStore|ARM.ActiveCfg = Release|Any CPU
		{39AB6C13-8463-4261-8C39-5618D82D2C1E}.AppStore|ARM.Build.0 = Release|Any CPU
		{39AB6C13-8463-4261-8C39-5618D82D2C1E}.AppStore|iPhone.ActiveCfg = Release|Any CPU
		{39AB6C13-8463-4261-8C39-5618D82D2C1E}.AppStore|iPhone.Build.0 = Release|Any CPU
		{39AB6C13-8463-4261-8C39-5618D82D2C1E}.AppStore|iPhoneSimulator.ActiveCfg = Release|Any CPU
		{39AB6C13-8463-4261-8C39-5618D82D2C1E}.AppStore|iPhoneSimulator.Build.0 = Release|Any CPU
		{39AB6C13-8463-4261-8C39-5618D82D2C1E}.AppStore|x64.ActiveCfg = Release|Any CPU
		{39AB6C13-8463-4261-8C39-5618D82D2C1E}.AppStore|x64.Build.0 = Release|Any CPU
		{39AB6C13-8463-4261-8C39-5618D82D2C1E}.AppStore|x86.ActiveCfg = Release|Any CPU
		{39AB6C13-8463-4261-8C39-5618D82D2C1E}.AppStore|x86.Build.0 = Release|Any CPU
		{39AB6C13-8463-4261-8C39-5618D82D2C1E}.Debug|Any CPU.ActiveCfg = Debug|Any CPU
		{39AB6C13-8463-4261-8C39-5618D82D2C1E}.Debug|Any CPU.Build.0 = Debug|Any CPU
		{39AB6C13-8463-4261-8C39-5618D82D2C1E}.Debug|ARM.ActiveCfg = Debug|Any CPU
		{39AB6C13-8463-4261-8C39-5618D82D2C1E}.Debug|ARM.Build.0 = Debug|Any CPU
		{39AB6C13-8463-4261-8C39-5618D82D2C1E}.Debug|iPhone.ActiveCfg = Debug|Any CPU
		{39AB6C13-8463-4261-8C39-5618D82D2C1E}.Debug|iPhone.Build.0 = Debug|Any CPU
		{39AB6C13-8463-4261-8C39-5618D82D2C1E}.Debug|iPhoneSimulator.ActiveCfg = Debug|Any CPU
		{39AB6C13-8463-4261-8C39-5618D82D2C1E}.Debug|iPhoneSimulator.Build.0 = Debug|Any CPU
		{39AB6C13-8463-4261-8C39-5618D82D2C1E}.Debug|x64.ActiveCfg = Debug|Any CPU
		{39AB6C13-8463-4261-8C39-5618D82D2C1E}.Debug|x64.Build.0 = Debug|Any CPU
		{39AB6C13-8463-4261-8C39-5618D82D2C1E}.Debug|x86.ActiveCfg = Debug|Any CPU
		{39AB6C13-8463-4261-8C39-5618D82D2C1E}.Debug|x86.Build.0 = Debug|Any CPU
		{39AB6C13-8463-4261-8C39-5618D82D2C1E}.Release|Any CPU.ActiveCfg = Release|Any CPU
		{39AB6C13-8463-4261-8C39-5618D82D2C1E}.Release|Any CPU.Build.0 = Release|Any CPU
		{39AB6C13-8463-4261-8C39-5618D82D2C1E}.Release|ARM.ActiveCfg = Release|Any CPU
		{39AB6C13-8463-4261-8C39-5618D82D2C1E}.Release|ARM.Build.0 = Release|Any CPU
		{39AB6C13-8463-4261-8C39-5618D82D2C1E}.Release|iPhone.ActiveCfg = Release|Any CPU
		{39AB6C13-8463-4261-8C39-5618D82D2C1E}.Release|iPhone.Build.0 = Release|Any CPU
		{39AB6C13-8463-4261-8C39-5618D82D2C1E}.Release|iPhoneSimulator.ActiveCfg = Release|Any CPU
		{39AB6C13-8463-4261-8C39-5618D82D2C1E}.Release|iPhoneSimulator.Build.0 = Release|Any CPU
		{39AB6C13-8463-4261-8C39-5618D82D2C1E}.Release|x64.ActiveCfg = Release|Any CPU
		{39AB6C13-8463-4261-8C39-5618D82D2C1E}.Release|x64.Build.0 = Release|Any CPU
		{39AB6C13-8463-4261-8C39-5618D82D2C1E}.Release|x86.ActiveCfg = Release|Any CPU
		{39AB6C13-8463-4261-8C39-5618D82D2C1E}.Release|x86.Build.0 = Release|Any CPU
		{92DCABE9-62BC-46FB-AB89-D50AA4A7E191}.Ad-Hoc|Any CPU.ActiveCfg = Release|Any CPU
		{92DCABE9-62BC-46FB-AB89-D50AA4A7E191}.Ad-Hoc|Any CPU.Build.0 = Release|Any CPU
		{92DCABE9-62BC-46FB-AB89-D50AA4A7E191}.Ad-Hoc|ARM.ActiveCfg = Release|Any CPU
		{92DCABE9-62BC-46FB-AB89-D50AA4A7E191}.Ad-Hoc|ARM.Build.0 = Release|Any CPU
		{92DCABE9-62BC-46FB-AB89-D50AA4A7E191}.Ad-Hoc|iPhone.ActiveCfg = Release|Any CPU
		{92DCABE9-62BC-46FB-AB89-D50AA4A7E191}.Ad-Hoc|iPhone.Build.0 = Release|Any CPU
		{92DCABE9-62BC-46FB-AB89-D50AA4A7E191}.Ad-Hoc|iPhoneSimulator.ActiveCfg = Release|Any CPU
		{92DCABE9-62BC-46FB-AB89-D50AA4A7E191}.Ad-Hoc|iPhoneSimulator.Build.0 = Release|Any CPU
		{92DCABE9-62BC-46FB-AB89-D50AA4A7E191}.Ad-Hoc|x64.ActiveCfg = Release|Any CPU
		{92DCABE9-62BC-46FB-AB89-D50AA4A7E191}.Ad-Hoc|x64.Build.0 = Release|Any CPU
		{92DCABE9-62BC-46FB-AB89-D50AA4A7E191}.Ad-Hoc|x86.ActiveCfg = Release|Any CPU
		{92DCABE9-62BC-46FB-AB89-D50AA4A7E191}.Ad-Hoc|x86.Build.0 = Release|Any CPU
		{92DCABE9-62BC-46FB-AB89-D50AA4A7E191}.AppStore|Any CPU.ActiveCfg = Release|Any CPU
		{92DCABE9-62BC-46FB-AB89-D50AA4A7E191}.AppStore|Any CPU.Build.0 = Release|Any CPU
		{92DCABE9-62BC-46FB-AB89-D50AA4A7E191}.AppStore|ARM.ActiveCfg = Release|Any CPU
		{92DCABE9-62BC-46FB-AB89-D50AA4A7E191}.AppStore|ARM.Build.0 = Release|Any CPU
		{92DCABE9-62BC-46FB-AB89-D50AA4A7E191}.AppStore|iPhone.ActiveCfg = Release|Any CPU
		{92DCABE9-62BC-46FB-AB89-D50AA4A7E191}.AppStore|iPhone.Build.0 = Release|Any CPU
		{92DCABE9-62BC-46FB-AB89-D50AA4A7E191}.AppStore|iPhoneSimulator.ActiveCfg = Release|Any CPU
		{92DCABE9-62BC-46FB-AB89-D50AA4A7E191}.AppStore|iPhoneSimulator.Build.0 = Release|Any CPU
		{92DCABE9-62BC-46FB-AB89-D50AA4A7E191}.AppStore|x64.ActiveCfg = Release|Any CPU
		{92DCABE9-62BC-46FB-AB89-D50AA4A7E191}.AppStore|x64.Build.0 = Release|Any CPU
		{92DCABE9-62BC-46FB-AB89-D50AA4A7E191}.AppStore|x86.ActiveCfg = Release|Any CPU
		{92DCABE9-62BC-46FB-AB89-D50AA4A7E191}.AppStore|x86.Build.0 = Release|Any CPU
		{92DCABE9-62BC-46FB-AB89-D50AA4A7E191}.Debug|Any CPU.ActiveCfg = Debug|Any CPU
		{92DCABE9-62BC-46FB-AB89-D50AA4A7E191}.Debug|Any CPU.Build.0 = Debug|Any CPU
		{92DCABE9-62BC-46FB-AB89-D50AA4A7E191}.Debug|ARM.ActiveCfg = Debug|Any CPU
		{92DCABE9-62BC-46FB-AB89-D50AA4A7E191}.Debug|ARM.Build.0 = Debug|Any CPU
		{92DCABE9-62BC-46FB-AB89-D50AA4A7E191}.Debug|iPhone.ActiveCfg = Debug|Any CPU
		{92DCABE9-62BC-46FB-AB89-D50AA4A7E191}.Debug|iPhone.Build.0 = Debug|Any CPU
		{92DCABE9-62BC-46FB-AB89-D50AA4A7E191}.Debug|iPhoneSimulator.ActiveCfg = Debug|Any CPU
		{92DCABE9-62BC-46FB-AB89-D50AA4A7E191}.Debug|iPhoneSimulator.Build.0 = Debug|Any CPU
		{92DCABE9-62BC-46FB-AB89-D50AA4A7E191}.Debug|x64.ActiveCfg = Debug|Any CPU
		{92DCABE9-62BC-46FB-AB89-D50AA4A7E191}.Debug|x64.Build.0 = Debug|Any CPU
		{92DCABE9-62BC-46FB-AB89-D50AA4A7E191}.Debug|x86.ActiveCfg = Debug|Any CPU
		{92DCABE9-62BC-46FB-AB89-D50AA4A7E191}.Debug|x86.Build.0 = Debug|Any CPU
		{92DCABE9-62BC-46FB-AB89-D50AA4A7E191}.Release|Any CPU.ActiveCfg = Release|Any CPU
		{92DCABE9-62BC-46FB-AB89-D50AA4A7E191}.Release|Any CPU.Build.0 = Release|Any CPU
		{92DCABE9-62BC-46FB-AB89-D50AA4A7E191}.Release|ARM.ActiveCfg = Release|Any CPU
		{92DCABE9-62BC-46FB-AB89-D50AA4A7E191}.Release|ARM.Build.0 = Release|Any CPU
		{92DCABE9-62BC-46FB-AB89-D50AA4A7E191}.Release|iPhone.ActiveCfg = Release|Any CPU
		{92DCABE9-62BC-46FB-AB89-D50AA4A7E191}.Release|iPhone.Build.0 = Release|Any CPU
		{92DCABE9-62BC-46FB-AB89-D50AA4A7E191}.Release|iPhoneSimulator.ActiveCfg = Release|Any CPU
		{92DCABE9-62BC-46FB-AB89-D50AA4A7E191}.Release|iPhoneSimulator.Build.0 = Release|Any CPU
		{92DCABE9-62BC-46FB-AB89-D50AA4A7E191}.Release|x64.ActiveCfg = Release|Any CPU
		{92DCABE9-62BC-46FB-AB89-D50AA4A7E191}.Release|x64.Build.0 = Release|Any CPU
		{92DCABE9-62BC-46FB-AB89-D50AA4A7E191}.Release|x86.ActiveCfg = Release|Any CPU
		{92DCABE9-62BC-46FB-AB89-D50AA4A7E191}.Release|x86.Build.0 = Release|Any CPU
		{1653CD8F-3B8D-4495-A969-F32EC72F86CD}.Ad-Hoc|Any CPU.ActiveCfg = Release|Any CPU
		{1653CD8F-3B8D-4495-A969-F32EC72F86CD}.Ad-Hoc|Any CPU.Build.0 = Release|Any CPU
		{1653CD8F-3B8D-4495-A969-F32EC72F86CD}.Ad-Hoc|ARM.ActiveCfg = Release|Any CPU
		{1653CD8F-3B8D-4495-A969-F32EC72F86CD}.Ad-Hoc|ARM.Build.0 = Release|Any CPU
		{1653CD8F-3B8D-4495-A969-F32EC72F86CD}.Ad-Hoc|iPhone.ActiveCfg = Release|Any CPU
		{1653CD8F-3B8D-4495-A969-F32EC72F86CD}.Ad-Hoc|iPhone.Build.0 = Release|Any CPU
		{1653CD8F-3B8D-4495-A969-F32EC72F86CD}.Ad-Hoc|iPhoneSimulator.ActiveCfg = Release|Any CPU
		{1653CD8F-3B8D-4495-A969-F32EC72F86CD}.Ad-Hoc|iPhoneSimulator.Build.0 = Release|Any CPU
		{1653CD8F-3B8D-4495-A969-F32EC72F86CD}.Ad-Hoc|x64.ActiveCfg = Release|Any CPU
		{1653CD8F-3B8D-4495-A969-F32EC72F86CD}.Ad-Hoc|x64.Build.0 = Release|Any CPU
		{1653CD8F-3B8D-4495-A969-F32EC72F86CD}.Ad-Hoc|x86.ActiveCfg = Release|Any CPU
		{1653CD8F-3B8D-4495-A969-F32EC72F86CD}.Ad-Hoc|x86.Build.0 = Release|Any CPU
		{1653CD8F-3B8D-4495-A969-F32EC72F86CD}.AppStore|Any CPU.ActiveCfg = Release|Any CPU
		{1653CD8F-3B8D-4495-A969-F32EC72F86CD}.AppStore|Any CPU.Build.0 = Release|Any CPU
		{1653CD8F-3B8D-4495-A969-F32EC72F86CD}.AppStore|ARM.ActiveCfg = Release|Any CPU
		{1653CD8F-3B8D-4495-A969-F32EC72F86CD}.AppStore|ARM.Build.0 = Release|Any CPU
		{1653CD8F-3B8D-4495-A969-F32EC72F86CD}.AppStore|iPhone.ActiveCfg = Release|Any CPU
		{1653CD8F-3B8D-4495-A969-F32EC72F86CD}.AppStore|iPhone.Build.0 = Release|Any CPU
		{1653CD8F-3B8D-4495-A969-F32EC72F86CD}.AppStore|iPhoneSimulator.ActiveCfg = Release|Any CPU
		{1653CD8F-3B8D-4495-A969-F32EC72F86CD}.AppStore|iPhoneSimulator.Build.0 = Release|Any CPU
		{1653CD8F-3B8D-4495-A969-F32EC72F86CD}.AppStore|x64.ActiveCfg = Release|Any CPU
		{1653CD8F-3B8D-4495-A969-F32EC72F86CD}.AppStore|x64.Build.0 = Release|Any CPU
		{1653CD8F-3B8D-4495-A969-F32EC72F86CD}.AppStore|x86.ActiveCfg = Release|Any CPU
		{1653CD8F-3B8D-4495-A969-F32EC72F86CD}.AppStore|x86.Build.0 = Release|Any CPU
		{1653CD8F-3B8D-4495-A969-F32EC72F86CD}.Debug|Any CPU.ActiveCfg = Debug|Any CPU
		{1653CD8F-3B8D-4495-A969-F32EC72F86CD}.Debug|Any CPU.Build.0 = Debug|Any CPU
		{1653CD8F-3B8D-4495-A969-F32EC72F86CD}.Debug|ARM.ActiveCfg = Debug|Any CPU
		{1653CD8F-3B8D-4495-A969-F32EC72F86CD}.Debug|ARM.Build.0 = Debug|Any CPU
		{1653CD8F-3B8D-4495-A969-F32EC72F86CD}.Debug|iPhone.ActiveCfg = Debug|Any CPU
		{1653CD8F-3B8D-4495-A969-F32EC72F86CD}.Debug|iPhone.Build.0 = Debug|Any CPU
		{1653CD8F-3B8D-4495-A969-F32EC72F86CD}.Debug|iPhoneSimulator.ActiveCfg = Debug|Any CPU
		{1653CD8F-3B8D-4495-A969-F32EC72F86CD}.Debug|iPhoneSimulator.Build.0 = Debug|Any CPU
		{1653CD8F-3B8D-4495-A969-F32EC72F86CD}.Debug|x64.ActiveCfg = Debug|Any CPU
		{1653CD8F-3B8D-4495-A969-F32EC72F86CD}.Debug|x64.Build.0 = Debug|Any CPU
		{1653CD8F-3B8D-4495-A969-F32EC72F86CD}.Debug|x86.ActiveCfg = Debug|Any CPU
		{1653CD8F-3B8D-4495-A969-F32EC72F86CD}.Debug|x86.Build.0 = Debug|Any CPU
		{1653CD8F-3B8D-4495-A969-F32EC72F86CD}.Release|Any CPU.ActiveCfg = Release|Any CPU
		{1653CD8F-3B8D-4495-A969-F32EC72F86CD}.Release|Any CPU.Build.0 = Release|Any CPU
		{1653CD8F-3B8D-4495-A969-F32EC72F86CD}.Release|ARM.ActiveCfg = Release|Any CPU
		{1653CD8F-3B8D-4495-A969-F32EC72F86CD}.Release|ARM.Build.0 = Release|Any CPU
		{1653CD8F-3B8D-4495-A969-F32EC72F86CD}.Release|iPhone.ActiveCfg = Release|Any CPU
		{1653CD8F-3B8D-4495-A969-F32EC72F86CD}.Release|iPhone.Build.0 = Release|Any CPU
		{1653CD8F-3B8D-4495-A969-F32EC72F86CD}.Release|iPhoneSimulator.ActiveCfg = Release|Any CPU
		{1653CD8F-3B8D-4495-A969-F32EC72F86CD}.Release|iPhoneSimulator.Build.0 = Release|Any CPU
		{1653CD8F-3B8D-4495-A969-F32EC72F86CD}.Release|x64.ActiveCfg = Release|Any CPU
		{1653CD8F-3B8D-4495-A969-F32EC72F86CD}.Release|x64.Build.0 = Release|Any CPU
		{1653CD8F-3B8D-4495-A969-F32EC72F86CD}.Release|x86.ActiveCfg = Release|Any CPU
		{1653CD8F-3B8D-4495-A969-F32EC72F86CD}.Release|x86.Build.0 = Release|Any CPU
		{35F498A8-55A4-4D80-A380-FC15BAF2DA72}.Ad-Hoc|Any CPU.ActiveCfg = Release|Any CPU
		{35F498A8-55A4-4D80-A380-FC15BAF2DA72}.Ad-Hoc|Any CPU.Build.0 = Release|Any CPU
		{35F498A8-55A4-4D80-A380-FC15BAF2DA72}.Ad-Hoc|ARM.ActiveCfg = Release|Any CPU
		{35F498A8-55A4-4D80-A380-FC15BAF2DA72}.Ad-Hoc|ARM.Build.0 = Release|Any CPU
		{35F498A8-55A4-4D80-A380-FC15BAF2DA72}.Ad-Hoc|iPhone.ActiveCfg = Release|Any CPU
		{35F498A8-55A4-4D80-A380-FC15BAF2DA72}.Ad-Hoc|iPhone.Build.0 = Release|Any CPU
		{35F498A8-55A4-4D80-A380-FC15BAF2DA72}.Ad-Hoc|iPhoneSimulator.ActiveCfg = Release|Any CPU
		{35F498A8-55A4-4D80-A380-FC15BAF2DA72}.Ad-Hoc|iPhoneSimulator.Build.0 = Release|Any CPU
		{35F498A8-55A4-4D80-A380-FC15BAF2DA72}.Ad-Hoc|x64.ActiveCfg = Release|Any CPU
		{35F498A8-55A4-4D80-A380-FC15BAF2DA72}.Ad-Hoc|x64.Build.0 = Release|Any CPU
		{35F498A8-55A4-4D80-A380-FC15BAF2DA72}.Ad-Hoc|x86.ActiveCfg = Release|Any CPU
		{35F498A8-55A4-4D80-A380-FC15BAF2DA72}.Ad-Hoc|x86.Build.0 = Release|Any CPU
		{35F498A8-55A4-4D80-A380-FC15BAF2DA72}.AppStore|Any CPU.ActiveCfg = Release|Any CPU
		{35F498A8-55A4-4D80-A380-FC15BAF2DA72}.AppStore|Any CPU.Build.0 = Release|Any CPU
		{35F498A8-55A4-4D80-A380-FC15BAF2DA72}.AppStore|ARM.ActiveCfg = Release|Any CPU
		{35F498A8-55A4-4D80-A380-FC15BAF2DA72}.AppStore|ARM.Build.0 = Release|Any CPU
		{35F498A8-55A4-4D80-A380-FC15BAF2DA72}.AppStore|iPhone.ActiveCfg = Release|Any CPU
		{35F498A8-55A4-4D80-A380-FC15BAF2DA72}.AppStore|iPhone.Build.0 = Release|Any CPU
		{35F498A8-55A4-4D80-A380-FC15BAF2DA72}.AppStore|iPhoneSimulator.ActiveCfg = Release|Any CPU
		{35F498A8-55A4-4D80-A380-FC15BAF2DA72}.AppStore|iPhoneSimulator.Build.0 = Release|Any CPU
		{35F498A8-55A4-4D80-A380-FC15BAF2DA72}.AppStore|x64.ActiveCfg = Release|Any CPU
		{35F498A8-55A4-4D80-A380-FC15BAF2DA72}.AppStore|x64.Build.0 = Release|Any CPU
		{35F498A8-55A4-4D80-A380-FC15BAF2DA72}.AppStore|x86.ActiveCfg = Release|Any CPU
		{35F498A8-55A4-4D80-A380-FC15BAF2DA72}.AppStore|x86.Build.0 = Release|Any CPU
		{35F498A8-55A4-4D80-A380-FC15BAF2DA72}.Debug|Any CPU.ActiveCfg = Debug|Any CPU
		{35F498A8-55A4-4D80-A380-FC15BAF2DA72}.Debug|Any CPU.Build.0 = Debug|Any CPU
		{35F498A8-55A4-4D80-A380-FC15BAF2DA72}.Debug|ARM.ActiveCfg = Debug|Any CPU
		{35F498A8-55A4-4D80-A380-FC15BAF2DA72}.Debug|ARM.Build.0 = Debug|Any CPU
		{35F498A8-55A4-4D80-A380-FC15BAF2DA72}.Debug|iPhone.ActiveCfg = Debug|Any CPU
		{35F498A8-55A4-4D80-A380-FC15BAF2DA72}.Debug|iPhone.Build.0 = Debug|Any CPU
		{35F498A8-55A4-4D80-A380-FC15BAF2DA72}.Debug|iPhoneSimulator.ActiveCfg = Debug|Any CPU
		{35F498A8-55A4-4D80-A380-FC15BAF2DA72}.Debug|iPhoneSimulator.Build.0 = Debug|Any CPU
		{35F498A8-55A4-4D80-A380-FC15BAF2DA72}.Debug|x64.ActiveCfg = Debug|Any CPU
		{35F498A8-55A4-4D80-A380-FC15BAF2DA72}.Debug|x64.Build.0 = Debug|Any CPU
		{35F498A8-55A4-4D80-A380-FC15BAF2DA72}.Debug|x86.ActiveCfg = Debug|Any CPU
		{35F498A8-55A4-4D80-A380-FC15BAF2DA72}.Debug|x86.Build.0 = Debug|Any CPU
		{35F498A8-55A4-4D80-A380-FC15BAF2DA72}.Release|Any CPU.ActiveCfg = Release|Any CPU
		{35F498A8-55A4-4D80-A380-FC15BAF2DA72}.Release|Any CPU.Build.0 = Release|Any CPU
		{35F498A8-55A4-4D80-A380-FC15BAF2DA72}.Release|ARM.ActiveCfg = Release|Any CPU
		{35F498A8-55A4-4D80-A380-FC15BAF2DA72}.Release|ARM.Build.0 = Release|Any CPU
		{35F498A8-55A4-4D80-A380-FC15BAF2DA72}.Release|iPhone.ActiveCfg = Release|Any CPU
		{35F498A8-55A4-4D80-A380-FC15BAF2DA72}.Release|iPhone.Build.0 = Release|Any CPU
		{35F498A8-55A4-4D80-A380-FC15BAF2DA72}.Release|iPhoneSimulator.ActiveCfg = Release|Any CPU
		{35F498A8-55A4-4D80-A380-FC15BAF2DA72}.Release|iPhoneSimulator.Build.0 = Release|Any CPU
		{35F498A8-55A4-4D80-A380-FC15BAF2DA72}.Release|x64.ActiveCfg = Release|Any CPU
		{35F498A8-55A4-4D80-A380-FC15BAF2DA72}.Release|x64.Build.0 = Release|Any CPU
		{35F498A8-55A4-4D80-A380-FC15BAF2DA72}.Release|x86.ActiveCfg = Release|Any CPU
		{35F498A8-55A4-4D80-A380-FC15BAF2DA72}.Release|x86.Build.0 = Release|Any CPU
		{485FBE14-D1DE-44EB-9D75-5525C7DCD963}.Ad-Hoc|Any CPU.ActiveCfg = Release|Any CPU
		{485FBE14-D1DE-44EB-9D75-5525C7DCD963}.Ad-Hoc|Any CPU.Build.0 = Release|Any CPU
		{485FBE14-D1DE-44EB-9D75-5525C7DCD963}.Ad-Hoc|Any CPU.Deploy.0 = Release|Any CPU
		{485FBE14-D1DE-44EB-9D75-5525C7DCD963}.Ad-Hoc|ARM.ActiveCfg = Release|Any CPU
		{485FBE14-D1DE-44EB-9D75-5525C7DCD963}.Ad-Hoc|ARM.Build.0 = Release|Any CPU
		{485FBE14-D1DE-44EB-9D75-5525C7DCD963}.Ad-Hoc|ARM.Deploy.0 = Release|Any CPU
		{485FBE14-D1DE-44EB-9D75-5525C7DCD963}.Ad-Hoc|iPhone.ActiveCfg = Release|Any CPU
		{485FBE14-D1DE-44EB-9D75-5525C7DCD963}.Ad-Hoc|iPhone.Build.0 = Release|Any CPU
		{485FBE14-D1DE-44EB-9D75-5525C7DCD963}.Ad-Hoc|iPhone.Deploy.0 = Release|Any CPU
		{485FBE14-D1DE-44EB-9D75-5525C7DCD963}.Ad-Hoc|iPhoneSimulator.ActiveCfg = Release|Any CPU
		{485FBE14-D1DE-44EB-9D75-5525C7DCD963}.Ad-Hoc|iPhoneSimulator.Build.0 = Release|Any CPU
		{485FBE14-D1DE-44EB-9D75-5525C7DCD963}.Ad-Hoc|iPhoneSimulator.Deploy.0 = Release|Any CPU
		{485FBE14-D1DE-44EB-9D75-5525C7DCD963}.Ad-Hoc|x64.ActiveCfg = Release|Any CPU
		{485FBE14-D1DE-44EB-9D75-5525C7DCD963}.Ad-Hoc|x64.Build.0 = Release|Any CPU
		{485FBE14-D1DE-44EB-9D75-5525C7DCD963}.Ad-Hoc|x64.Deploy.0 = Release|Any CPU
		{485FBE14-D1DE-44EB-9D75-5525C7DCD963}.Ad-Hoc|x86.ActiveCfg = Release|Any CPU
		{485FBE14-D1DE-44EB-9D75-5525C7DCD963}.Ad-Hoc|x86.Build.0 = Release|Any CPU
		{485FBE14-D1DE-44EB-9D75-5525C7DCD963}.Ad-Hoc|x86.Deploy.0 = Release|Any CPU
		{485FBE14-D1DE-44EB-9D75-5525C7DCD963}.AppStore|Any CPU.ActiveCfg = Release|Any CPU
		{485FBE14-D1DE-44EB-9D75-5525C7DCD963}.AppStore|Any CPU.Build.0 = Release|Any CPU
		{485FBE14-D1DE-44EB-9D75-5525C7DCD963}.AppStore|Any CPU.Deploy.0 = Release|Any CPU
		{485FBE14-D1DE-44EB-9D75-5525C7DCD963}.AppStore|ARM.ActiveCfg = Release|Any CPU
		{485FBE14-D1DE-44EB-9D75-5525C7DCD963}.AppStore|ARM.Build.0 = Release|Any CPU
		{485FBE14-D1DE-44EB-9D75-5525C7DCD963}.AppStore|ARM.Deploy.0 = Release|Any CPU
		{485FBE14-D1DE-44EB-9D75-5525C7DCD963}.AppStore|iPhone.ActiveCfg = Release|Any CPU
		{485FBE14-D1DE-44EB-9D75-5525C7DCD963}.AppStore|iPhone.Build.0 = Release|Any CPU
		{485FBE14-D1DE-44EB-9D75-5525C7DCD963}.AppStore|iPhone.Deploy.0 = Release|Any CPU
		{485FBE14-D1DE-44EB-9D75-5525C7DCD963}.AppStore|iPhoneSimulator.ActiveCfg = Release|Any CPU
		{485FBE14-D1DE-44EB-9D75-5525C7DCD963}.AppStore|iPhoneSimulator.Build.0 = Release|Any CPU
		{485FBE14-D1DE-44EB-9D75-5525C7DCD963}.AppStore|iPhoneSimulator.Deploy.0 = Release|Any CPU
		{485FBE14-D1DE-44EB-9D75-5525C7DCD963}.AppStore|x64.ActiveCfg = Release|Any CPU
		{485FBE14-D1DE-44EB-9D75-5525C7DCD963}.AppStore|x64.Build.0 = Release|Any CPU
		{485FBE14-D1DE-44EB-9D75-5525C7DCD963}.AppStore|x64.Deploy.0 = Release|Any CPU
		{485FBE14-D1DE-44EB-9D75-5525C7DCD963}.AppStore|x86.ActiveCfg = Release|Any CPU
		{485FBE14-D1DE-44EB-9D75-5525C7DCD963}.AppStore|x86.Build.0 = Release|Any CPU
		{485FBE14-D1DE-44EB-9D75-5525C7DCD963}.AppStore|x86.Deploy.0 = Release|Any CPU
		{485FBE14-D1DE-44EB-9D75-5525C7DCD963}.Debug|Any CPU.ActiveCfg = Debug|Any CPU
		{485FBE14-D1DE-44EB-9D75-5525C7DCD963}.Debug|Any CPU.Build.0 = Debug|Any CPU
		{485FBE14-D1DE-44EB-9D75-5525C7DCD963}.Debug|Any CPU.Deploy.0 = Debug|Any CPU
		{485FBE14-D1DE-44EB-9D75-5525C7DCD963}.Debug|ARM.ActiveCfg = Debug|Any CPU
		{485FBE14-D1DE-44EB-9D75-5525C7DCD963}.Debug|ARM.Build.0 = Debug|Any CPU
		{485FBE14-D1DE-44EB-9D75-5525C7DCD963}.Debug|ARM.Deploy.0 = Debug|Any CPU
		{485FBE14-D1DE-44EB-9D75-5525C7DCD963}.Debug|iPhone.ActiveCfg = Debug|Any CPU
		{485FBE14-D1DE-44EB-9D75-5525C7DCD963}.Debug|iPhone.Build.0 = Debug|Any CPU
		{485FBE14-D1DE-44EB-9D75-5525C7DCD963}.Debug|iPhone.Deploy.0 = Debug|Any CPU
		{485FBE14-D1DE-44EB-9D75-5525C7DCD963}.Debug|iPhoneSimulator.ActiveCfg = Debug|Any CPU
		{485FBE14-D1DE-44EB-9D75-5525C7DCD963}.Debug|iPhoneSimulator.Build.0 = Debug|Any CPU
		{485FBE14-D1DE-44EB-9D75-5525C7DCD963}.Debug|iPhoneSimulator.Deploy.0 = Debug|Any CPU
		{485FBE14-D1DE-44EB-9D75-5525C7DCD963}.Debug|x64.ActiveCfg = Debug|Any CPU
		{485FBE14-D1DE-44EB-9D75-5525C7DCD963}.Debug|x64.Build.0 = Debug|Any CPU
		{485FBE14-D1DE-44EB-9D75-5525C7DCD963}.Debug|x64.Deploy.0 = Debug|Any CPU
		{485FBE14-D1DE-44EB-9D75-5525C7DCD963}.Debug|x86.ActiveCfg = Debug|Any CPU
		{485FBE14-D1DE-44EB-9D75-5525C7DCD963}.Debug|x86.Build.0 = Debug|Any CPU
		{485FBE14-D1DE-44EB-9D75-5525C7DCD963}.Debug|x86.Deploy.0 = Debug|Any CPU
		{485FBE14-D1DE-44EB-9D75-5525C7DCD963}.Release|Any CPU.ActiveCfg = Release|Any CPU
		{485FBE14-D1DE-44EB-9D75-5525C7DCD963}.Release|Any CPU.Build.0 = Release|Any CPU
		{485FBE14-D1DE-44EB-9D75-5525C7DCD963}.Release|Any CPU.Deploy.0 = Release|Any CPU
		{485FBE14-D1DE-44EB-9D75-5525C7DCD963}.Release|ARM.ActiveCfg = Release|Any CPU
		{485FBE14-D1DE-44EB-9D75-5525C7DCD963}.Release|ARM.Build.0 = Release|Any CPU
		{485FBE14-D1DE-44EB-9D75-5525C7DCD963}.Release|ARM.Deploy.0 = Release|Any CPU
		{485FBE14-D1DE-44EB-9D75-5525C7DCD963}.Release|iPhone.ActiveCfg = Release|Any CPU
		{485FBE14-D1DE-44EB-9D75-5525C7DCD963}.Release|iPhone.Build.0 = Release|Any CPU
		{485FBE14-D1DE-44EB-9D75-5525C7DCD963}.Release|iPhone.Deploy.0 = Release|Any CPU
		{485FBE14-D1DE-44EB-9D75-5525C7DCD963}.Release|iPhoneSimulator.ActiveCfg = Release|Any CPU
		{485FBE14-D1DE-44EB-9D75-5525C7DCD963}.Release|iPhoneSimulator.Build.0 = Release|Any CPU
		{485FBE14-D1DE-44EB-9D75-5525C7DCD963}.Release|iPhoneSimulator.Deploy.0 = Release|Any CPU
		{485FBE14-D1DE-44EB-9D75-5525C7DCD963}.Release|x64.ActiveCfg = Release|Any CPU
		{485FBE14-D1DE-44EB-9D75-5525C7DCD963}.Release|x64.Build.0 = Release|Any CPU
		{485FBE14-D1DE-44EB-9D75-5525C7DCD963}.Release|x64.Deploy.0 = Release|Any CPU
		{485FBE14-D1DE-44EB-9D75-5525C7DCD963}.Release|x86.ActiveCfg = Release|Any CPU
		{485FBE14-D1DE-44EB-9D75-5525C7DCD963}.Release|x86.Build.0 = Release|Any CPU
		{485FBE14-D1DE-44EB-9D75-5525C7DCD963}.Release|x86.Deploy.0 = Release|Any CPU
		{0A138349-8720-4349-9AC7-06CF3F44C1AB}.Ad-Hoc|Any CPU.ActiveCfg = Ad-Hoc|iPhone
		{0A138349-8720-4349-9AC7-06CF3F44C1AB}.Ad-Hoc|ARM.ActiveCfg = Ad-Hoc|iPhone
		{0A138349-8720-4349-9AC7-06CF3F44C1AB}.Ad-Hoc|iPhone.ActiveCfg = Ad-Hoc|iPhone
		{0A138349-8720-4349-9AC7-06CF3F44C1AB}.Ad-Hoc|iPhone.Build.0 = Ad-Hoc|iPhone
		{0A138349-8720-4349-9AC7-06CF3F44C1AB}.Ad-Hoc|iPhoneSimulator.ActiveCfg = Ad-Hoc|iPhoneSimulator
		{0A138349-8720-4349-9AC7-06CF3F44C1AB}.Ad-Hoc|iPhoneSimulator.Build.0 = Ad-Hoc|iPhoneSimulator
		{0A138349-8720-4349-9AC7-06CF3F44C1AB}.Ad-Hoc|x64.ActiveCfg = Ad-Hoc|iPhone
		{0A138349-8720-4349-9AC7-06CF3F44C1AB}.Ad-Hoc|x86.ActiveCfg = Ad-Hoc|iPhone
		{0A138349-8720-4349-9AC7-06CF3F44C1AB}.AppStore|Any CPU.ActiveCfg = AppStore|iPhone
		{0A138349-8720-4349-9AC7-06CF3F44C1AB}.AppStore|ARM.ActiveCfg = AppStore|iPhone
		{0A138349-8720-4349-9AC7-06CF3F44C1AB}.AppStore|iPhone.ActiveCfg = AppStore|iPhone
		{0A138349-8720-4349-9AC7-06CF3F44C1AB}.AppStore|iPhone.Build.0 = AppStore|iPhone
		{0A138349-8720-4349-9AC7-06CF3F44C1AB}.AppStore|iPhoneSimulator.ActiveCfg = AppStore|iPhoneSimulator
		{0A138349-8720-4349-9AC7-06CF3F44C1AB}.AppStore|iPhoneSimulator.Build.0 = AppStore|iPhoneSimulator
		{0A138349-8720-4349-9AC7-06CF3F44C1AB}.AppStore|x64.ActiveCfg = AppStore|iPhone
		{0A138349-8720-4349-9AC7-06CF3F44C1AB}.AppStore|x86.ActiveCfg = AppStore|iPhone
		{0A138349-8720-4349-9AC7-06CF3F44C1AB}.Debug|Any CPU.ActiveCfg = Debug|iPhone
		{0A138349-8720-4349-9AC7-06CF3F44C1AB}.Debug|ARM.ActiveCfg = Debug|iPhone
		{0A138349-8720-4349-9AC7-06CF3F44C1AB}.Debug|iPhone.ActiveCfg = Debug|iPhone
		{0A138349-8720-4349-9AC7-06CF3F44C1AB}.Debug|iPhone.Build.0 = Debug|iPhone
		{0A138349-8720-4349-9AC7-06CF3F44C1AB}.Debug|iPhoneSimulator.ActiveCfg = Debug|iPhoneSimulator
		{0A138349-8720-4349-9AC7-06CF3F44C1AB}.Debug|iPhoneSimulator.Build.0 = Debug|iPhoneSimulator
		{0A138349-8720-4349-9AC7-06CF3F44C1AB}.Debug|x64.ActiveCfg = Debug|iPhone
		{0A138349-8720-4349-9AC7-06CF3F44C1AB}.Debug|x86.ActiveCfg = Debug|iPhone
		{0A138349-8720-4349-9AC7-06CF3F44C1AB}.Release|Any CPU.ActiveCfg = Release|iPhone
		{0A138349-8720-4349-9AC7-06CF3F44C1AB}.Release|ARM.ActiveCfg = Release|iPhone
		{0A138349-8720-4349-9AC7-06CF3F44C1AB}.Release|iPhone.ActiveCfg = Release|iPhone
		{0A138349-8720-4349-9AC7-06CF3F44C1AB}.Release|iPhone.Build.0 = Release|iPhone
		{0A138349-8720-4349-9AC7-06CF3F44C1AB}.Release|iPhoneSimulator.ActiveCfg = Release|iPhoneSimulator
		{0A138349-8720-4349-9AC7-06CF3F44C1AB}.Release|iPhoneSimulator.Build.0 = Release|iPhoneSimulator
		{0A138349-8720-4349-9AC7-06CF3F44C1AB}.Release|x64.ActiveCfg = Release|iPhone
		{0A138349-8720-4349-9AC7-06CF3F44C1AB}.Release|x86.ActiveCfg = Release|iPhone
	EndGlobalSection
	GlobalSection(SolutionProperties) = preSolution
		HideSolutionNode = FALSE
	EndGlobalSection
	GlobalSection(NestedProjects) = preSolution
		{67F9D3A8-F71E-4428-913F-C37AE82CDB24} = {2EB613DF-1BB4-43AE-8859-7E929A37D50D}
		{CD568627-9774-446E-A66A-D3DAD215FBCE} = {98FF4F97-F687-48A4-910E-B8F0337817E9}
		{A1249A0E-39D3-4685-BC4C-583D4711AD7C} = {98FF4F97-F687-48A4-910E-B8F0337817E9}
		{39AB6C13-8463-4261-8C39-5618D82D2C1E} = {04501CA2-7575-4A36-91C7-C4FC4E436926}
		{92DCABE9-62BC-46FB-AB89-D50AA4A7E191} = {4EAF1FEE-500D-43D5-BAFA-97D7E0CD4C86}
		{1653CD8F-3B8D-4495-A969-F32EC72F86CD} = {4EAF1FEE-500D-43D5-BAFA-97D7E0CD4C86}
		{35F498A8-55A4-4D80-A380-FC15BAF2DA72} = {FC0F2BAC-AD6A-4BEA-BBA0-B69E2FC9B2ED}
		{485FBE14-D1DE-44EB-9D75-5525C7DCD963} = {FC0F2BAC-AD6A-4BEA-BBA0-B69E2FC9B2ED}
		{0A138349-8720-4349-9AC7-06CF3F44C1AB} = {FC0F2BAC-AD6A-4BEA-BBA0-B69E2FC9B2ED}
	EndGlobalSection
EndGlobal
